
Microsoft Visual Studio Solution File, Format Version 12.00
# Visual Studio Version 16
VisualStudioVersion = 16.0.31402.337
MinimumVisualStudioVersion = 10.0.40219.1
Project("{FAE04EC0-301F-11D3-BF4B-00C04F79EFBC}") = "Identity", "Identity\Identity.csproj", "{A9CB8849-B755-43AF-AD8D-F9F03920A271}"
EndProject
Global
	GlobalSection(SolutionConfigurationPlatforms) = preSolution
		Debug|Any CPU = Debug|Any CPU
		Release|Any CPU = Release|Any CPU
	EndGlobalSection
	GlobalSection(ProjectConfigurationPlatforms) = postSolution
		{A9CB8849-B755-43AF-AD8D-F9F03920A271}.Debug|Any CPU.ActiveCfg = Debug|Any CPU
		{A9CB8849-B755-43AF-AD8D-F9F03920A271}.Debug|Any CPU.Build.0 = Debug|Any CPU
		{A9CB8849-B755-43AF-AD8D-F9F03920A271}.Release|Any CPU.ActiveCfg = Release|Any CPU
		{A9CB8849-B755-43AF-AD8D-F9F03920A271}.Release|Any CPU.Build.0 = Release|Any CPU
	EndGlobalSection
	GlobalSection(SolutionProperties) = preSolution
		HideSolutionNode = FALSE
	EndGlobalSection
	GlobalSection(ExtensibilityGlobals) = postSolution
		SolutionGuid = {2134B404-A463-44C3-9293-8721970BF86A}
	EndGlobalSection
EndGlobal
